
Microsoft Visual Studio Solution File, Format Version 12.00
# Visual Studio Version 16
VisualStudioVersion = 16.0.30413.136
MinimumVisualStudioVersion = 15.0.26124.0
Project("{9A19103F-16F7-4668-BE54-9A1E7A4F7556}") = "PedeLogo.Catalogo.Api", "src\PedeLogo.Catalogo.Api\PedeLogo.Catalogo.Api.csproj", "{18971969-3F84-4454-885D-E2E41AAEDD53}"
EndProject
Global
	GlobalSection(SolutionConfigurationPlatforms) = preSolution
		Debug|Any CPU = Debug|Any CPU
		Release|Any CPU = Release|Any CPU
	EndGlobalSection
	GlobalSection(ProjectConfigurationPlatforms) = postSolution
		{18971969-3F84-4454-885D-E2E41AAEDD53}.Debug|Any CPU.ActiveCfg = Debug|Any CPU
		{18971969-3F84-4454-885D-E2E41AAEDD53}.Debug|Any CPU.Build.0 = Debug|Any CPU
		{18971969-3F84-4454-885D-E2E41AAEDD53}.Release|Any CPU.ActiveCfg = Release|Any CPU
		{18971969-3F84-4454-885D-E2E41AAEDD53}.Release|Any CPU.Build.0 = Release|Any CPU
		{70D92E2F-7ED2-49E9-83BA-3E740D90EB13}.Debug|Any CPU.ActiveCfg = Debug|Any CPU
		{70D92E2F-7ED2-49E9-83BA-3E740D90EB13}.Debug|Any CPU.Build.0 = Debug|Any CPU
		{70D92E2F-7ED2-49E9-83BA-3E740D90EB13}.Release|Any CPU.ActiveCfg = Release|Any CPU
		{70D92E2F-7ED2-49E9-83BA-3E740D90EB13}.Release|Any CPU.Build.0 = Release|Any CPU
	EndGlobalSection
	GlobalSection(SolutionProperties) = preSolution
		HideSolutionNode = FALSE
	EndGlobalSection
	GlobalSection(ExtensibilityGlobals) = postSolution
		SolutionGuid = {83CCB6B4-1C60-407D-9936-9210B810EE7C}
	EndGlobalSection
EndGlobal
